
Microsoft Visual Studio Solution File, Format Version 12.00
# Visual Studio Version 16
VisualStudioVersion = 16.0.29306.81
MinimumVisualStudioVersion = 10.0.40219.1
Project("{FAE04EC0-301F-11D3-BF4B-00C04F79EFBC}") = "TrackTeam", "TrackTeam\TrackTeam.csproj", "{50C9D027-9945-40B6-80DC-6BE22E5DDD24}"
EndProject
Global
	GlobalSection(SolutionConfigurationPlatforms) = preSolution
		Debug|Any CPU = Debug|Any CPU
		Release|Any CPU = Release|Any CPU
	EndGlobalSection
	GlobalSection(ProjectConfigurationPlatforms) = postSolution
		{50C9D027-9945-40B6-80DC-6BE22E5DDD24}.Debug|Any CPU.ActiveCfg = Debug|Any CPU
		{50C9D027-9945-40B6-80DC-6BE22E5DDD24}.Debug|Any CPU.Build.0 = Debug|Any CPU
		{50C9D027-9945-40B6-80DC-6BE22E5DDD24}.Release|Any CPU.ActiveCfg = Release|Any CPU
		{50C9D027-9945-40B6-80DC-6BE22E5DDD24}.Release|Any CPU.Build.0 = Release|Any CPU
	EndGlobalSection
	GlobalSection(SolutionProperties) = preSolution
		HideSolutionNode = FALSE
	EndGlobalSection
	GlobalSection(ExtensibilityGlobals) = postSolution
		SolutionGuid = {EEFDD6A3-27A5-48A0-9606-D47D2F175972}
	EndGlobalSection
EndGlobal
